
Microsoft Visual Studio Solution File, Format Version 12.00
# Visual Studio Version 17
VisualStudioVersion = 17.0.31903.59
MinimumVisualStudioVersion = 10.0.40219.1
Project("{2150E333-8FDC-42A3-9474-1A3956D46DE8}") = "src", "src", "{82D45F80-F8FF-4F4D-A213-3E3464CA76FC}"
EndProject
Project("{FAE04EC0-301F-11D3-BF4B-00C04F79EFBC}") = "Team.Accounts.Management.Web", "src\Team.Accounts.Management.Web\Team.Accounts.Management.Web.csproj", "{BD8166E1-454C-4C4B-8386-77E84036F7F2}"
EndProject
Project("{FAE04EC0-301F-11D3-BF4B-00C04F79EFBC}") = "Team.Accounts.Management.Infrastructure", "src\Team.Accounts.Management.Infrastructure\Team.Accounts.Management.Infrastructure.csproj", "{079FE11B-7CEA-4179-A98A-EB22301567C9}"
EndProject
Global
	GlobalSection(SolutionConfigurationPlatforms) = preSolution
		Debug|Any CPU = Debug|Any CPU
		Release|Any CPU = Release|Any CPU
	EndGlobalSection
	GlobalSection(SolutionProperties) = preSolution
		HideSolutionNode = FALSE
	EndGlobalSection
	GlobalSection(ProjectConfigurationPlatforms) = postSolution
		{BD8166E1-454C-4C4B-8386-77E84036F7F2}.Debug|Any CPU.ActiveCfg = Debug|Any CPU
		{BD8166E1-454C-4C4B-8386-77E84036F7F2}.Debug|Any CPU.Build.0 = Debug|Any CPU
		{BD8166E1-454C-4C4B-8386-77E84036F7F2}.Release|Any CPU.ActiveCfg = Release|Any CPU
		{BD8166E1-454C-4C4B-8386-77E84036F7F2}.Release|Any CPU.Build.0 = Release|Any CPU
		{079FE11B-7CEA-4179-A98A-EB22301567C9}.Debug|Any CPU.ActiveCfg = Debug|Any CPU
		{079FE11B-7CEA-4179-A98A-EB22301567C9}.Debug|Any CPU.Build.0 = Debug|Any CPU
		{079FE11B-7CEA-4179-A98A-EB22301567C9}.Release|Any CPU.ActiveCfg = Release|Any CPU
		{079FE11B-7CEA-4179-A98A-EB22301567C9}.Release|Any CPU.Build.0 = Release|Any CPU
	EndGlobalSection
	GlobalSection(NestedProjects) = preSolution
		{BD8166E1-454C-4C4B-8386-77E84036F7F2} = {82D45F80-F8FF-4F4D-A213-3E3464CA76FC}
		{079FE11B-7CEA-4179-A98A-EB22301567C9} = {82D45F80-F8FF-4F4D-A213-3E3464CA76FC}
	EndGlobalSection
EndGlobal
